// !$*UTF8*$!
{
	archiveVersion = 1;
	classes = {
	};
	objectVersion = 56;
	objects = {

/* Begin PBXBuildFile section */
		ED4F15942954476000C5EFF6 /* AppDelegate.swift in Sources */ = {isa = PBXBuildFile; fileRef = ED4F15932954476000C5EFF6 /* AppDelegate.swift */; };
		ED4F15962954476000C5EFF6 /* SceneDelegate.swift in Sources */ = {isa = PBXBuildFile; fileRef = ED4F15952954476000C5EFF6 /* SceneDelegate.swift */; };
		ED4F159B2954476000C5EFF6 /* Main.storyboard in Resources */ = {isa = PBXBuildFile; fileRef = ED4F15992954476000C5EFF6 /* Main.storyboard */; };
		ED4F159D2954476300C5EFF6 /* Assets.xcassets in Resources */ = {isa = PBXBuildFile; fileRef = ED4F159C2954476300C5EFF6 /* Assets.xcassets */; };
		ED4F15A02954476300C5EFF6 /* LaunchScreen.storyboard in Resources */ = {isa = PBXBuildFile; fileRef = ED4F159E2954476300C5EFF6 /* LaunchScreen.storyboard */; };
		ED4F15AB2954476400C5EFF6 /* SimpleWeatherTests.swift in Sources */ = {isa = PBXBuildFile; fileRef = ED4F15AA2954476400C5EFF6 /* SimpleWeatherTests.swift */; };
		ED4F15B52954476400C5EFF6 /* SimpleWeatherUITests.swift in Sources */ = {isa = PBXBuildFile; fileRef = ED4F15B42954476400C5EFF6 /* SimpleWeatherUITests.swift */; };
		ED4F15B72954476400C5EFF6 /* SimpleWeatherUITestsLaunchTests.swift in Sources */ = {isa = PBXBuildFile; fileRef = ED4F15B62954476400C5EFF6 /* SimpleWeatherUITestsLaunchTests.swift */; };
		ED4F15C4295447C900C5EFF6 /* WeatherViewController.swift in Sources */ = {isa = PBXBuildFile; fileRef = ED4F15C3295447C900C5EFF6 /* WeatherViewController.swift */; };
/* End PBXBuildFile section */

/* Begin PBXContainerItemProxy section */
		ED4F15A72954476400C5EFF6 /* PBXContainerItemProxy */ = {
			isa = PBXContainerItemProxy;
			containerPortal = ED4F15882954476000C5EFF6 /* Project object */;
			proxyType = 1;
			remoteGlobalIDString = ED4F158F2954476000C5EFF6;
			remoteInfo = SimpleWeather;
		};
		ED4F15B12954476400C5EFF6 /* PBXContainerItemProxy */ = {
			isa = PBXContainerItemProxy;
			containerPortal = ED4F15882954476000C5EFF6 /* Project object */;
			proxyType = 1;
			remoteGlobalIDString = ED4F158F2954476000C5EFF6;
			remoteInfo = SimpleWeather;
		};
/* End PBXContainerItemProxy section */

/* Begin PBXFileReference section */
		ED4F15902954476000C5EFF6 /* SimpleWeather.app */ = {isa = PBXFileReference; explicitFileType = wrapper.application; includeInIndex = 0; path = SimpleWeather.app; sourceTree = BUILT_PRODUCTS_DIR; };
		ED4F15932954476000C5EFF6 /* AppDelegate.swift */ = {isa = PBXFileReference; lastKnownFileType = sourcecode.swift; path = AppDelegate.swift; sourceTree = "<group>"; };
		ED4F15952954476000C5EFF6 /* SceneDelegate.swift */ = {isa = PBXFileReference; lastKnownFileType = sourcecode.swift; path = SceneDelegate.swift; sourceTree = "<group>"; };
		ED4F159A2954476000C5EFF6 /* Base */ = {isa = PBXFileReference; lastKnownFileType = file.storyboard; name = Base; path = Base.lproj/Main.storyboard; sourceTree = "<group>"; };
		ED4F159C2954476300C5EFF6 /* Assets.xcassets */ = {isa = PBXFileReference; lastKnownFileType = folder.assetcatalog; path = Assets.xcassets; sourceTree = "<group>"; };
		ED4F159F2954476300C5EFF6 /* Base */ = {isa = PBXFileReference; lastKnownFileType = file.storyboard; name = Base; path = Base.lproj/LaunchScreen.storyboard; sourceTree = "<group>"; };
		ED4F15A12954476300C5EFF6 /* Info.plist */ = {isa = PBXFileReference; lastKnownFileType = text.plist.xml; path = Info.plist; sourceTree = "<group>"; };
		ED4F15A62954476400C5EFF6 /* SimpleWeatherTests.xctest */ = {isa = PBXFileReference; explicitFileType = wrapper.cfbundle; includeInIndex = 0; path = SimpleWeatherTests.xctest; sourceTree = BUILT_PRODUCTS_DIR; };
		ED4F15AA2954476400C5EFF6 /* SimpleWeatherTests.swift */ = {isa = PBXFileReference; lastKnownFileType = sourcecode.swift; path = SimpleWeatherTests.swift; sourceTree = "<group>"; };
		ED4F15B02954476400C5EFF6 /* SimpleWeatherUITests.xctest */ = {isa = PBXFileReference; explicitFileType = wrapper.cfbundle; includeInIndex = 0; path = SimpleWeatherUITests.xctest; sourceTree = BUILT_PRODUCTS_DIR; };
		ED4F15B42954476400C5EFF6 /* SimpleWeatherUITests.swift */ = {isa = PBXFileReference; lastKnownFileType = sourcecode.swift; path = SimpleWeatherUITests.swift; sourceTree = "<group>"; };
		ED4F15B62954476400C5EFF6 /* SimpleWeatherUITestsLaunchTests.swift */ = {isa = PBXFileReference; lastKnownFileType = sourcecode.swift; path = SimpleWeatherUITestsLaunchTests.swift; sourceTree = "<group>"; };
		ED4F15C3295447C900C5EFF6 /* WeatherViewController.swift */ = {isa = PBXFileReference; lastKnownFileType = sourcecode.swift; path = WeatherViewController.swift; sourceTree = "<group>"; };
/* End PBXFileReference section */

/* Begin PBXFrameworksBuildPhase section */
		ED4F158D2954476000C5EFF6 /* Frameworks */ = {
			isa = PBXFrameworksBuildPhase;
			buildActionMask = 2147483647;
			files = (
			);
			runOnlyForDeploymentPostprocessing = 0;
		};
		ED4F15A32954476400C5EFF6 /* Frameworks */ = {
			isa = PBXFrameworksBuildPhase;
			buildActionMask = 2147483647;
			files = (
			);
			runOnlyForDeploymentPostprocessing = 0;
		};
		ED4F15AD2954476400C5EFF6 /* Frameworks */ = {
			isa = PBXFrameworksBuildPhase;
			buildActionMask = 2147483647;
			files = (
			);
			runOnlyForDeploymentPostprocessing = 0;
		};
/* End PBXFrameworksBuildPhase section */

/* Begin PBXGroup section */
		ED4F15872954476000C5EFF6 = {
			isa = PBXGroup;
			children = (
				ED4F15922954476000C5EFF6 /* SimpleWeather */,
				ED4F15A92954476400C5EFF6 /* SimpleWeatherTests */,
				ED4F15B32954476400C5EFF6 /* SimpleWeatherUITests */,
				ED4F15912954476000C5EFF6 /* Products */,
			);
			sourceTree = "<group>";
		};
		ED4F15912954476000C5EFF6 /* Products */ = {
			isa = PBXGroup;
			children = (
				ED4F15902954476000C5EFF6 /* SimpleWeather.app */,
				ED4F15A62954476400C5EFF6 /* SimpleWeatherTests.xctest */,
				ED4F15B02954476400C5EFF6 /* SimpleWeatherUITests.xctest */,
			);
			name = Products;
			sourceTree = "<group>";
		};
		ED4F15922954476000C5EFF6 /* SimpleWeather */ = {
			isa = PBXGroup;
			children = (
				ED4F15932954476000C5EFF6 /* AppDelegate.swift */,
				ED4F15952954476000C5EFF6 /* SceneDelegate.swift */,
				ED4F15C3295447C900C5EFF6 /* WeatherViewController.swift */,
				ED4F15992954476000C5EFF6 /* Main.storyboard */,
				ED4F159C2954476300C5EFF6 /* Assets.xcassets */,
				ED4F159E2954476300C5EFF6 /* LaunchScreen.storyboard */,
				ED4F15A12954476300C5EFF6 /* Info.plist */,
			);
			path = SimpleWeather;
			sourceTree = "<group>";
		};
		ED4F15A92954476400C5EFF6 /* SimpleWeatherTests */ = {
			isa = PBXGroup;
			children = (
				ED4F15AA2954476400C5EFF6 /* SimpleWeatherTests.swift */,
			);
			path = SimpleWeatherTests;
			sourceTree = "<group>";
		};
		ED4F15B32954476400C5EFF6 /* SimpleWeatherUITests */ = {
			isa = PBXGroup;
			children = (
				ED4F15B42954476400C5EFF6 /* SimpleWeatherUITests.swift */,
				ED4F15B62954476400C5EFF6 /* SimpleWeatherUITestsLaunchTests.swift */,
			);
			path = SimpleWeatherUITests;
			sourceTree = "<group>";
		};
/* End PBXGroup section */

/* Begin PBXNativeTarget section */
		ED4F158F2954476000C5EFF6 /* SimpleWeather */ = {
			isa = PBXNativeTarget;
			buildConfigurationList = ED4F15BA2954476400C5EFF6 /* Build configuration list for PBXNativeTarget "SimpleWeather" */;
			buildPhases = (
				ED4F158C2954476000C5EFF6 /* Sources */,
				ED4F158D2954476000C5EFF6 /* Frameworks */,
				ED4F158E2954476000C5EFF6 /* Resources */,
			);
			buildRules = (
			);
			dependencies = (
			);
			name = SimpleWeather;
			productName = SimpleWeather;
			productReference = ED4F15902954476000C5EFF6 /* SimpleWeather.app */;
			productType = "com.apple.product-type.application";
		};
		ED4F15A52954476400C5EFF6 /* SimpleWeatherTests */ = {
			isa = PBXNativeTarget;
			buildConfigurationList = ED4F15BD2954476400C5EFF6 /* Build configuration list for PBXNativeTarget "SimpleWeatherTests" */;
			buildPhases = (
				ED4F15A22954476400C5EFF6 /* Sources */,
				ED4F15A32954476400C5EFF6 /* Frameworks */,
				ED4F15A42954476400C5EFF6 /* Resources */,
			);
			buildRules = (
			);
			dependencies = (
				ED4F15A82954476400C5EFF6 /* PBXTargetDependency */,
			);
			name = SimpleWeatherTests;
			productName = SimpleWeatherTests;
			productReference = ED4F15A62954476400C5EFF6 /* SimpleWeatherTests.xctest */;
			productType = "com.apple.product-type.bundle.unit-test";
		};
		ED4F15AF2954476400C5EFF6 /* SimpleWeatherUITests */ = {
			isa = PBXNativeTarget;
			buildConfigurationList = ED4F15C02954476400C5EFF6 /* Build configuration list for PBXNativeTarget "SimpleWeatherUITests" */;
			buildPhases = (
				ED4F15AC2954476400C5EFF6 /* Sources */,
				ED4F15AD2954476400C5EFF6 /* Frameworks */,
				ED4F15AE2954476400C5EFF6 /* Resources */,
			);
			buildRules = (
			);
			dependencies = (
				ED4F15B22954476400C5EFF6 /* PBXTargetDependency */,
			);
			name = SimpleWeatherUITests;
			productName = SimpleWeatherUITests;
			productReference = ED4F15B02954476400C5EFF6 /* SimpleWeatherUITests.xctest */;
			productType = "com.apple.product-type.bundle.ui-testing";
		};
/* End PBXNativeTarget section */

/* Begin PBXProject section */
		ED4F15882954476000C5EFF6 /* Project object */ = {
			isa = PBXProject;
			attributes = {
				BuildIndependentTargetsInParallel = 1;
				LastSwiftUpdateCheck = 1410;
				LastUpgradeCheck = 1410;
				TargetAttributes = {
					ED4F158F2954476000C5EFF6 = {
						CreatedOnToolsVersion = 14.1;
					};
					ED4F15A52954476400C5EFF6 = {
						CreatedOnToolsVersion = 14.1;
						TestTargetID = ED4F158F2954476000C5EFF6;
					};
					ED4F15AF2954476400C5EFF6 = {
						CreatedOnToolsVersion = 14.1;
						TestTargetID = ED4F158F2954476000C5EFF6;
					};
				};
			};
			buildConfigurationList = ED4F158B2954476000C5EFF6 /* Build configuration list for PBXProject "SimpleWeather" */;
			compatibilityVersion = "Xcode 14.0";
			developmentRegion = en;
			hasScannedForEncodings = 0;
			knownRegions = (
				en,
				Base,
			);
			mainGroup = ED4F15872954476000C5EFF6;
			productRefGroup = ED4F15912954476000C5EFF6 /* Products */;
			projectDirPath = "";
			projectRoot = "";
			targets = (
				ED4F158F2954476000C5EFF6 /* SimpleWeather */,
				ED4F15A52954476400C5EFF6 /* SimpleWeatherTests */,
				ED4F15AF2954476400C5EFF6 /* SimpleWeatherUITests */,
			);
		};
/* End PBXProject section */

/* Begin PBXResourcesBuildPhase section */
		ED4F158E2954476000C5EFF6 /* Resources */ = {
			isa = PBXResourcesBuildPhase;
			buildActionMask = 2147483647;
			files = (
				ED4F15A02954476300C5EFF6 /* LaunchScreen.storyboard in Resources */,
				ED4F159D2954476300C5EFF6 /* Assets.xcassets in Resources */,
				ED4F159B2954476000C5EFF6 /* Main.storyboard in Resources */,
			);
			runOnlyForDeploymentPostprocessing = 0;
		};
		ED4F15A42954476400C5EFF6 /* Resources */ = {
			isa = PBXResourcesBuildPhase;
			buildActionMask = 2147483647;
			files = (
			);
			runOnlyForDeploymentPostprocessing = 0;
		};
		ED4F15AE2954476400C5EFF6 /* Resources */ = {
			isa = PBXResourcesBuildPhase;
			buildActionMask = 2147483647;
			files = (
			);
			runOnlyForDeploymentPostprocessing = 0;
		};
/* End PBXResourcesBuildPhase section */

/* Begin PBXSourcesBuildPhase section */
		ED4F158C2954476000C5EFF6 /* Sources */ = {
			isa = PBXSourcesBuildPhase;
			buildActionMask = 2147483647;
			files = (
				ED4F15942954476000C5EFF6 /* AppDelegate.swift in Sources */,
				ED4F15C4295447C900C5EFF6 /* WeatherViewController.swift in Sources */,
				ED4F15962954476000C5EFF6 /* SceneDelegate.swift in Sources */,
			);
			runOnlyForDeploymentPostprocessing = 0;
		};
		ED4F15A22954476400C5EFF6 /* Sources */ = {
			isa = PBXSourcesBuildPhase;
			buildActionMask = 2147483647;
			files = (
				ED4F15AB2954476400C5EFF6 /* SimpleWeatherTests.swift in Sources */,
			);
			runOnlyForDeploymentPostprocessing = 0;
		};
		ED4F15AC2954476400C5EFF6 /* Sources */ = {
			isa = PBXSourcesBuildPhase;
			buildActionMask = 2147483647;
			files = (
				ED4F15B52954476400C5EFF6 /* SimpleWeatherUITests.swift in Sources */,
				ED4F15B72954476400C5EFF6 /* SimpleWeatherUITestsLaunchTests.swift in Sources */,
			);
			runOnlyForDeploymentPostprocessing = 0;
		};
/* End PBXSourcesBuildPhase section */

/* Begin PBXTargetDependency section */
		ED4F15A82954476400C5EFF6 /* PBXTargetDependency */ = {
			isa = PBXTargetDependency;
			target = ED4F158F2954476000C5EFF6 /* SimpleWeather */;
			targetProxy = ED4F15A72954476400C5EFF6 /* PBXContainerItemProxy */;
		};
		ED4F15B22954476400C5EFF6 /* PBXTargetDependency */ = {
			isa = PBXTargetDependency;
			target = ED4F158F2954476000C5EFF6 /* SimpleWeather */;
			targetProxy = ED4F15B12954476400C5EFF6 /* PBXContainerItemProxy */;
		};
/* End PBXTargetDependency section */

/* Begin PBXVariantGroup section */
		ED4F15992954476000C5EFF6 /* Main.storyboard */ = {
			isa = PBXVariantGroup;
			children = (
				ED4F159A2954476000C5EFF6 /* Base */,
			);
			name = Main.storyboard;
			sourceTree = "<group>";
		};
		ED4F159E2954476300C5EFF6 /* LaunchScreen.storyboard */ = {
			isa = PBXVariantGroup;
			children = (
				ED4F159F2954476300C5EFF6 /* Base */,
			);
			name = LaunchScreen.storyboard;
			sourceTree = "<group>";
		};
/* End PBXVariantGroup section */

/* Begin XCBuildConfiguration section */
		ED4F15B82954476400C5EFF6 /* Debug */ = {
			isa = XCBuildConfiguration;
			buildSettings = {
				ALWAYS_SEARCH_USER_PATHS = NO;
				CLANG_ANALYZER_NONNULL = YES;
				CLANG_ANALYZER_NUMBER_OBJECT_CONVERSION = YES_AGGRESSIVE;
				CLANG_CXX_LANGUAGE_STANDARD = "gnu++20";
				CLANG_ENABLE_MODULES = YES;
				CLANG_ENABLE_OBJC_ARC = YES;
				CLANG_ENABLE_OBJC_WEAK = YES;
				CLANG_WARN_BLOCK_CAPTURE_AUTORELEASING = YES;
				CLANG_WARN_BOOL_CONVERSION = YES;
				CLANG_WARN_COMMA = YES;
				CLANG_WARN_CONSTANT_CONVERSION = YES;
				CLANG_WARN_DEPRECATED_OBJC_IMPLEMENTATIONS = YES;
				CLANG_WARN_DIRECT_OBJC_ISA_USAGE = YES_ERROR;
				CLANG_WARN_DOCUMENTATION_COMMENTS = YES;
				CLANG_WARN_EMPTY_BODY = YES;
				CLANG_WARN_ENUM_CONVERSION = YES;
				CLANG_WARN_INFINITE_RECURSION = YES;
				CLANG_WARN_INT_CONVERSION = YES;
				CLANG_WARN_NON_LITERAL_NULL_CONVERSION = YES;
				CLANG_WARN_OBJC_IMPLICIT_RETAIN_SELF = YES;
				CLANG_WARN_OBJC_LITERAL_CONVERSION = YES;
				CLANG_WARN_OBJC_ROOT_CLASS = YES_ERROR;
				CLANG_WARN_QUOTED_INCLUDE_IN_FRAMEWORK_HEADER = YES;
				CLANG_WARN_RANGE_LOOP_ANALYSIS = YES;
				CLANG_WARN_STRICT_PROTOTYPES = YES;
				CLANG_WARN_SUSPICIOUS_MOVE = YES;
				CLANG_WARN_UNGUARDED_AVAILABILITY = YES_AGGRESSIVE;
				CLANG_WARN_UNREACHABLE_CODE = YES;
				CLANG_WARN__DUPLICATE_METHOD_MATCH = YES;
				COPY_PHASE_STRIP = NO;
				DEBUG_INFORMATION_FORMAT = dwarf;
				ENABLE_STRICT_OBJC_MSGSEND = YES;
				ENABLE_TESTABILITY = YES;
				GCC_C_LANGUAGE_STANDARD = gnu11;
				GCC_DYNAMIC_NO_PIC = NO;
				GCC_NO_COMMON_BLOCKS = YES;
				GCC_OPTIMIZATION_LEVEL = 0;
				GCC_PREPROCESSOR_DEFINITIONS = (
					"DEBUG=1",
					"$(inherited)",
				);
				GCC_WARN_64_TO_32_BIT_CONVERSION = YES;
				GCC_WARN_ABOUT_RETURN_TYPE = YES_ERROR;
				GCC_WARN_UNDECLARED_SELECTOR = YES;
				GCC_WARN_UNINITIALIZED_AUTOS = YES_AGGRESSIVE;
				GCC_WARN_UNUSED_FUNCTION = YES;
				GCC_WARN_UNUSED_VARIABLE = YES;
				IPHONEOS_DEPLOYMENT_TARGET = 16.1;
				MTL_ENABLE_DEBUG_INFO = INCLUDE_SOURCE;
				MTL_FAST_MATH = YES;
				ONLY_ACTIVE_ARCH = YES;
				SDKROOT = iphoneos;
				SWIFT_ACTIVE_COMPILATION_CONDITIONS = DEBUG;
				SWIFT_OPTIMIZATION_LEVEL = "-Onone";
			};
			name = Debug;
		};
		ED4F15B92954476400C5EFF6 /* Release */ = {
			isa = XCBuildConfiguration;
			buildSettings = {
				ALWAYS_SEARCH_USER_PATHS = NO;
				CLANG_ANALYZER_NONNULL = YES;
				CLANG_ANALYZER_NUMBER_OBJECT_CONVERSION = YES_AGGRESSIVE;
				CLANG_CXX_LANGUAGE_STANDARD = "gnu++20";
				CLANG_ENABLE_MODULES = YES;
				CLANG_ENABLE_OBJC_ARC = YES;
				CLANG_ENABLE_OBJC_WEAK = YES;
				CLANG_WARN_BLOCK_CAPTURE_AUTORELEASING = YES;
				CLANG_WARN_BOOL_CONVERSION = YES;
				CLANG_WARN_COMMA = YES;
				CLANG_WARN_CONSTANT_CONVERSION = YES;
				CLANG_WARN_DEPRECATED_OBJC_IMPLEMENTATIONS = YES;
				CLANG_WARN_DIRECT_OBJC_ISA_USAGE = YES_ERROR;
				CLANG_WARN_DOCUMENTATION_COMMENTS = YES;
				CLANG_WARN_EMPTY_BODY = YES;
				CLANG_WARN_ENUM_CONVERSION = YES;
				CLANG_WARN_INFINITE_RECURSION = YES;
				CLANG_WARN_INT_CONVERSION = YES;
				CLANG_WARN_NON_LITERAL_NULL_CONVERSION = YES;
				CLANG_WARN_OBJC_IMPLICIT_RETAIN_SELF = YES;
				CLANG_WARN_OBJC_LITERAL_CONVERSION = YES;
				CLANG_WARN_OBJC_ROOT_CLASS = YES_ERROR;
				CLANG_WARN_QUOTED_INCLUDE_IN_FRAMEWORK_HEADER = YES;
				CLANG_WARN_RANGE_LOOP_ANALYSIS = YES;
				CLANG_WARN_STRICT_PROTOTYPES = YES;
				CLANG_WARN_SUSPICIOUS_MOVE = YES;
				CLANG_WARN_UNGUARDED_AVAILABILITY = YES_AGGRESSIVE;
				CLANG_WARN_UNREACHABLE_CODE = YES;
				CLANG_WARN__DUPLICATE_METHOD_MATCH = YES;
				COPY_PHASE_STRIP = NO;
				DEBUG_INFORMATION_FORMAT = "dwarf-with-dsym";
				ENABLE_NS_ASSERTIONS = NO;
				ENABLE_STRICT_OBJC_MSGSEND = YES;
				GCC_C_LANGUAGE_STANDARD = gnu11;
				GCC_NO_COMMON_BLOCKS = YES;
				GCC_WARN_64_TO_32_BIT_CONVERSION = YES;
				GCC_WARN_ABOUT_RETURN_TYPE = YES_ERROR;
				GCC_WARN_UNDECLARED_SELECTOR = YES;
				GCC_WARN_UNINITIALIZED_AUTOS = YES_AGGRESSIVE;
				GCC_WARN_UNUSED_FUNCTION = YES;
				GCC_WARN_UNUSED_VARIABLE = YES;
				IPHONEOS_DEPLOYMENT_TARGET = 16.1;
				MTL_ENABLE_DEBUG_INFO = NO;
				MTL_FAST_MATH = YES;
				SDKROOT = iphoneos;
				SWIFT_COMPILATION_MODE = wholemodule;
				SWIFT_OPTIMIZATION_LEVEL = "-O";
				VALIDATE_PRODUCT = YES;
			};
			name = Release;
		};
		ED4F15BB2954476400C5EFF6 /* Debug */ = {
			isa = XCBuildConfiguration;
			buildSettings = {
				ASSETCATALOG_COMPILER_APPICON_NAME = AppIcon;
				ASSETCATALOG_COMPILER_GLOBAL_ACCENT_COLOR_NAME = AccentColor;
				CODE_SIGN_STYLE = Automatic;
				CURRENT_PROJECT_VERSION = 1;
				GENERATE_INFOPLIST_FILE = YES;
				INFOPLIST_FILE = SimpleWeather/Info.plist;
				INFOPLIST_KEY_UIApplicationSupportsIndirectInputEvents = YES;
				INFOPLIST_KEY_UILaunchStoryboardName = LaunchScreen;
				INFOPLIST_KEY_UIMainStoryboardFile = Main;
				INFOPLIST_KEY_UISupportedInterfaceOrientations_iPad = "UIInterfaceOrientationPortrait UIInterfaceOrientationPortraitUpsideDown UIInterfaceOrientationLandscapeLeft UIInterfaceOrientationLandscapeRight";
				INFOPLIST_KEY_UISupportedInterfaceOrientations_iPhone = "UIInterfaceOrientationPortrait UIInterfaceOrientationLandscapeLeft UIInterfaceOrientationLandscapeRight";
				LD_RUNPATH_SEARCH_PATHS = (
					"$(inherited)",
					"@executable_path/Frameworks",
				);
				MARKETING_VERSION = 1.0;
				PRODUCT_BUNDLE_IDENTIFIER = "-.SimpleWeather";
				PRODUCT_NAME = "$(TARGET_NAME)";
				SWIFT_EMIT_LOC_STRINGS = YES;
				SWIFT_VERSION = 5.0;
				TARGETED_DEVICE_FAMILY = "1,2";
			};
			name = Debug;
		};
		ED4F15BC2954476400C5EFF6 /* Release */ = {
			isa = XCBuildConfiguration;
			buildSettings = {
				ASSETCATALOG_COMPILER_APPICON_NAME = AppIcon;
				ASSETCATALOG_COMPILER_GLOBAL_ACCENT_COLOR_NAME = AccentColor;
				CODE_SIGN_STYLE = Automatic;
				CURRENT_PROJECT_VERSION = 1;
				GENERATE_INFOPLIST_FILE = YES;
				INFOPLIST_FILE = SimpleWeather/Info.plist;
				INFOPLIST_KEY_UIApplicationSupportsIndirectInputEvents = YES;
				INFOPLIST_KEY_UILaunchStoryboardName = LaunchScreen;
				INFOPLIST_KEY_UIMainStoryboardFile = Main;
				INFOPLIST_KEY_UISupportedInterfaceOrientations_iPad = "UIInterfaceOrientationPortrait UIInterfaceOrientationPortraitUpsideDown UIInterfaceOrientationLandscapeLeft UIInterfaceOrientationLandscapeRight";
				INFOPLIST_KEY_UISupportedInterfaceOrientations_iPhone = "UIInterfaceOrientationPortrait UIInterfaceOrientationLandscapeLeft UIInterfaceOrientationLandscapeRight";
				LD_RUNPATH_SEARCH_PATHS = (
					"$(inherited)",
					"@executable_path/Frameworks",
				);
				MARKETING_VERSION = 1.0;
				PRODUCT_BUNDLE_IDENTIFIER = "-.SimpleWeather";
				PRODUCT_NAME = "$(TARGET_NAME)";
				SWIFT_EMIT_LOC_STRINGS = YES;
				SWIFT_VERSION = 5.0;
				TARGETED_DEVICE_FAMILY = "1,2";
			};
			name = Release;
		};
		ED4F15BE2954476400C5EFF6 /* Debug */ = {
			isa = XCBuildConfiguration;
			buildSettings = {
				ALWAYS_EMBED_SWIFT_STANDARD_LIBRARIES = YES;
				BUNDLE_LOADER = "$(TEST_HOST)";
				CODE_SIGN_STYLE = Automatic;
				CURRENT_PROJECT_VERSION = 1;
				GENERATE_INFOPLIST_FILE = YES;
				IPHONEOS_DEPLOYMENT_TARGET = 16.1;
				MARKETING_VERSION = 1.0;
				PRODUCT_BUNDLE_IDENTIFIER = "-.SimpleWeatherTests";
				PRODUCT_NAME = "$(TARGET_NAME)";
				SWIFT_EMIT_LOC_STRINGS = NO;
				SWIFT_VERSION = 5.0;
				TARGETED_DEVICE_FAMILY = "1,2";
				TEST_HOST = "$(BUILT_PRODUCTS_DIR)/SimpleWeather.app/$(BUNDLE_EXECUTABLE_FOLDER_PATH)/SimpleWeather";
			};
			name = Debug;
		};
		ED4F15BF2954476400C5EFF6 /* Release */ = {
			isa = XCBuildConfiguration;
			buildSettings = {
				ALWAYS_EMBED_SWIFT_STANDARD_LIBRARIES = YES;
				BUNDLE_LOADER = "$(TEST_HOST)";
				CODE_SIGN_STYLE = Automatic;
				CURRENT_PROJECT_VERSION = 1;
				GENERATE_INFOPLIST_FILE = YES;
				IPHONEOS_DEPLOYMENT_TARGET = 16.1;
				MARKETING_VERSION = 1.0;
				PRODUCT_BUNDLE_IDENTIFIER = "-.SimpleWeatherTests";
				PRODUCT_NAME = "$(TARGET_NAME)";
				SWIFT_EMIT_LOC_STRINGS = NO;
				SWIFT_VERSION = 5.0;
				TARGETED_DEVICE_FAMILY = "1,2";
				TEST_HOST = "$(BUILT_PRODUCTS_DIR)/SimpleWeather.app/$(BUNDLE_EXECUTABLE_FOLDER_PATH)/SimpleWeather";
			};
			name = Release;
		};
		ED4F15C12954476400C5EFF6 /* Debug */ = {
			isa = XCBuildConfiguration;
			buildSettings = {
				ALWAYS_EMBED_SWIFT_STANDARD_LIBRARIES = YES;
				CODE_SIGN_STYLE = Automatic;
				CURRENT_PROJECT_VERSION = 1;
				GENERATE_INFOPLIST_FILE = YES;
				MARKETING_VERSION = 1.0;
				PRODUCT_BUNDLE_IDENTIFIER = "-.SimpleWeatherUITests";
				PRODUCT_NAME = "$(TARGET_NAME)";
				SWIFT_EMIT_LOC_STRINGS = NO;
				SWIFT_VERSION = 5.0;
				TARGETED_DEVICE_FAMILY = "1,2";
				TEST_TARGET_NAME = SimpleWeather;
			};
			name = Debug;
		};
		ED4F15C22954476400C5EFF6 /* Release */ = {
			isa = XCBuildConfiguration;
			buildSettings = {
				ALWAYS_EMBED_SWIFT_STANDARD_LIBRARIES = YES;
				CODE_SIGN_STYLE = Automatic;
				CURRENT_PROJECT_VERSION = 1;
				GENERATE_INFOPLIST_FILE = YES;
				MARKETING_VERSION = 1.0;
				PRODUCT_BUNDLE_IDENTIFIER = "-.SimpleWeatherUITests";
				PRODUCT_NAME = "$(TARGET_NAME)";
				SWIFT_EMIT_LOC_STRINGS = NO;
				SWIFT_VERSION = 5.0;
				TARGETED_DEVICE_FAMILY = "1,2";
				TEST_TARGET_NAME = SimpleWeather;
			};
			name = Release;
		};
/* End XCBuildConfiguration section */

/* Begin XCConfigurationList section */
		ED4F158B2954476000C5EFF6 /* Build configuration list for PBXProject "SimpleWeather" */ = {
			isa = XCConfigurationList;
			buildConfigurations = (
				ED4F15B82954476400C5EFF6 /* Debug */,
				ED4F15B92954476400C5EFF6 /* Release */,
			);
			defaultConfigurationIsVisible = 0;
			defaultConfigurationName = Release;
		};
		ED4F15BA2954476400C5EFF6 /* Build configuration list for PBXNativeTarget "SimpleWeather" */ = {
			isa = XCConfigurationList;
			buildConfigurations = (
				ED4F15BB2954476400C5EFF6 /* Debug */,
				ED4F15BC2954476400C5EFF6 /* Release */,
			);
			defaultConfigurationIsVisible = 0;
			defaultConfigurationName = Release;
		};
		ED4F15BD2954476400C5EFF6 /* Build configuration list for PBXNativeTarget "SimpleWeatherTests" */ = {
			isa = XCConfigurationList;
			buildConfigurations = (
				ED4F15BE2954476400C5EFF6 /* Debug */,
				ED4F15BF2954476400C5EFF6 /* Release */,
			);
			defaultConfigurationIsVisible = 0;
			defaultConfigurationName = Release;
		};
		ED4F15C02954476400C5EFF6 /* Build configuration list for PBXNativeTarget "SimpleWeatherUITests" */ = {
			isa = XCConfigurationList;
			buildConfigurations = (
				ED4F15C12954476400C5EFF6 /* Debug */,
				ED4F15C22954476400C5EFF6 /* Release */,
			);
			defaultConfigurationIsVisible = 0;
			defaultConfigurationName = Release;
		};
/* End XCConfigurationList section */
	};
	rootObject = ED4F15882954476000C5EFF6 /* Project object */;
}
